# Generated by pub
# See https://dart.dev/tools/pub/glossary#lockfile
packages:
  _flutterfire_internals:
    dependency: transitive
    description:
      name: _flutterfire_internals
      sha256: "2f428053492f92303e42c9afa8e3a78ad1886760e7b594e2b5a6b6ee47376360"
      url: "https://pub.dev"
    source: hosted
    version: "1.0.2"
  async:
    dependency: transitive
    description:
      name: async
      sha256: bfe67ef28df125b7dddcea62755991f807aa39a2492a23e1550161692950bbe0
      url: "https://pub.dev"
    source: hosted
    version: "2.10.0"
  boolean_selector:
    dependency: transitive
    description:
      name: boolean_selector
      sha256: "6cfb5af12253eaf2b368f07bacc5a80d1301a071c73360d746b7f2e32d762c66"
      url: "https://pub.dev"
    source: hosted
    version: "2.1.1"
  characters:
    dependency: transitive
    description:
      name: characters
      sha256: e6a326c8af69605aec75ed6c187d06b349707a27fbff8222ca9cc2cff167975c
      url: "https://pub.dev"
    source: hosted
    version: "1.2.1"
  clock:
    dependency: transitive
    description:
      name: clock
      sha256: cb6d7f03e1de671e34607e909a7213e31d7752be4fb66a86d29fe1eb14bfb5cf
      url: "https://pub.dev"
    source: hosted
    version: "1.1.1"
  cloud_firestore:
    dependency: "direct main"
    description:
      name: cloud_firestore
      sha256: "9194bf1845ee073bea64ec94e72c9dcf5d15f755e96496d8ccfee9def38b666f"
      url: "https://pub.dev"
    source: hosted
    version: "3.5.1"
  cloud_firestore_platform_interface:
    dependency: transitive
    description:
      name: cloud_firestore_platform_interface
      sha256: d023142c18c28b2610c23c196e829c96976569cc2aa2f8e45328ae8a64c428d1
      url: "https://pub.dev"
    source: hosted
    version: "5.7.7"
  cloud_firestore_web:
    dependency: transitive
    description:
      name: cloud_firestore_web
      sha256: "3d7d4fa8c1dc5a1f7cb33985ae0ab9924d33d76d4959fe26aed84b7d282887e3"
      url: "https://pub.dev"
    source: hosted
    version: "2.8.10"
  collection:
    dependency: transitive
    description:
      name: collection
      sha256: cfc915e6923fe5ce6e153b0723c753045de46de1b4d63771530504004a45fae0
      url: "https://pub.dev"
    source: hosted
    version: "1.17.0"
  crypto:
    dependency: transitive
    description:
      name: crypto
      sha256: aa274aa7774f8964e4f4f38cc994db7b6158dd36e9187aaceaddc994b35c6c67
      url: "https://pub.dev"
    source: hosted
    version: "3.0.2"
  cupertino_icons:
    dependency: "direct main"
    description:
      name: cupertino_icons
      sha256: e35129dc44c9118cee2a5603506d823bab99c68393879edb440e0090d07586be
      url: "https://pub.dev"
    source: hosted
    version: "1.0.5"
  desktop_webview_auth:
    dependency: transitive
    description:
      name: desktop_webview_auth
      sha256: "9de17601e1521b7cc2de1c5538e92f64833da668cba101bf11b2f61ce652becc"
      url: "https://pub.dev"
    source: hosted
    version: "0.0.11"
  email_validator:
    dependency: transitive
    description:
      name: email_validator
      sha256: e9a90f27ab2b915a27d7f9c2a7ddda5dd752d6942616ee83529b686fc086221b
      url: "https://pub.dev"
    source: hosted
    version: "2.1.17"
  fake_async:
    dependency: transitive
    description:
      name: fake_async
      sha256: "511392330127add0b769b75a987850d136345d9227c6b94c96a04cf4a391bf78"
      url: "https://pub.dev"
    source: hosted
    version: "1.3.1"
  ffi:
    dependency: transitive
    description:
      name: ffi
      sha256: a38574032c5f1dd06c4aee541789906c12ccaab8ba01446e800d9c5b79c4a978
      url: "https://pub.dev"
    source: hosted
    version: "2.0.1"
  file:
    dependency: transitive
    description:
      name: file
      sha256: "1b92bec4fc2a72f59a8e15af5f52cd441e4a7860b49499d69dfa817af20e925d"
      url: "https://pub.dev"
    source: hosted
    version: "6.1.4"
  firebase_auth:
    dependency: "direct main"
    description:
      name: firebase_auth
      sha256: ca3034d35d6ca894487ec80aa1162a135fef7c5d0abef8154789cbeea3a6deaf
      url: "https://pub.dev"
    source: hosted
    version: "3.11.2"
  firebase_auth_platform_interface:
    dependency: transitive
    description:
      name: firebase_auth_platform_interface
      sha256: ab20ecbc411726e139250a49fa03fe1ae0105fd990c5330b2a148ec08dfb140b
      url: "https://pub.dev"
    source: hosted
    version: "6.10.1"
  firebase_auth_web:
    dependency: transitive
    description:
      name: firebase_auth_web
      sha256: bbe4f4fffcc378ca05c3d8ff33853be86dd27d0fafc85a953acaf5190531b6f9
      url: "https://pub.dev"
    source: hosted
    version: "4.6.1"
  firebase_core:
    dependency: "direct main"
    description:
      name: firebase_core
      sha256: "4f1d7c13a909e82ff026679c9b8493cdeb35a9c76bc46c42bf9e2240c9e57e80"
      url: "https://pub.dev"
    source: hosted
    version: "1.24.0"
  firebase_core_platform_interface:
    dependency: "direct main"
    description:
      name: firebase_core_platform_interface
      sha256: b51257a8b4388565cd66062d727d3e60067b5f5cc3390eb0ecd20b8f97741bdb
      url: "https://pub.dev"
    source: hosted
    version: "4.5.1"
  firebase_core_web:
    dependency: transitive
    description:
      name: firebase_core_web
      sha256: "839f1b48032a61962792cea1225fae030d4f27163867f181d6d2072dd40acbee"
      url: "https://pub.dev"
    source: hosted
    version: "1.7.3"
  firebase_database:
    dependency: transitive
    description:
      name: firebase_database
      sha256: "9eda5a12479b7f7b29ba4c7459941cee6741efad74ebad6e9c203c19228d347f"
      url: "https://pub.dev"
    source: hosted
    version: "9.1.7"
  firebase_database_platform_interface:
    dependency: transitive
    description:
      name: firebase_database_platform_interface
      sha256: "1e29d16eb6550e4c82a708a27e1e12a98b927767bf7182fcbbf37d98c48af9b5"
      url: "https://pub.dev"
    source: hosted
    version: "0.2.2+7"
  firebase_database_web:
    dependency: transitive
    description:
      name: firebase_database_web
      sha256: "10922a042dd87559c97d25ce0677a47a7318b09ed1a3d14755daa5d2c3559d7a"
      url: "https://pub.dev"
    source: hosted
    version: "0.2.1+9"
  firebase_dynamic_links:
    dependency: transitive
    description:
      name: firebase_dynamic_links
      sha256: "3c6aea4bf9dafcdd33f5103d7ab06980939249335cc95455a3777118b9ab1c24"
      url: "https://pub.dev"
    source: hosted
    version: "4.3.11"
  firebase_dynamic_links_platform_interface:
    dependency: transitive
    description:
      name: firebase_dynamic_links_platform_interface
      sha256: b534940d3ce4fb7d0fe1598ed652865affa3ec69e471f78409a571a625f77da1
      url: "https://pub.dev"
    source: hosted
    version: "0.2.3+15"
  firebase_messaging:
    dependency: "direct main"
    description:
      name: firebase_messaging
      sha256: "6126f8f6f3bba6e3ffff05300711615c388eb31e0a7431cebe5514f6572cbdff"
      url: "https://pub.dev"
    source: hosted
    version: "13.1.0"
  firebase_messaging_platform_interface:
    dependency: transitive
    description:
      name: firebase_messaging_platform_interface
      sha256: "71f120e8b405a172cb0088a2cd62fd8b77be0f0c942a5bda411b80268c1702f8"
      url: "https://pub.dev"
    source: hosted
    version: "4.2.0"
  firebase_messaging_web:
    dependency: transitive
    description:
      name: firebase_messaging_web
      sha256: b7c5e019c4ecf3a512c4a0f00a4a9c1f260eb11872380a91f35983387488ce94
      url: "https://pub.dev"
    source: hosted
    version: "3.2.0"
  firebase_ui_auth:
    dependency: "direct main"
    description:
      name: firebase_ui_auth
      sha256: e13a653f69e13874d9c9f1ab409f0e67b061287b7ff667ae843d85b74f271a4e
      url: "https://pub.dev"
    source: hosted
    version: "1.0.0-dev.0"
  firebase_ui_localizations:
    dependency: transitive
    description:
      name: firebase_ui_localizations
      sha256: "8cfc6ec77f1d0d1867002202e7dea20bb4d118b5c413e1bedf50cc0118d21047"
      url: "https://pub.dev"
    source: hosted
    version: "1.0.1"
  firebase_ui_oauth:
    dependency: transitive
    description:
      name: firebase_ui_oauth
      sha256: b92a9a11d66ec98a3f990e0089bb5543fec042d19926be4cbdac9d6a0eb2d9bd
      url: "https://pub.dev"
    source: hosted
    version: "1.0.0-dev.0"
  flutter:
    dependency: "direct main"
    description: flutter
    source: sdk
    version: "0.0.0"
  flutter_facebook_auth:
    dependency: "direct main"
    description:
      name: flutter_facebook_auth
      sha256: "50dc3eef562acbe1e4cfad478053c9c16f9eaac49ad14ec48f00ed9dae1ba0cd"
      url: "https://pub.dev"
    source: hosted
    version: "4.4.1+1"
  flutter_facebook_auth_platform_interface:
    dependency: transitive
    description:
      name: flutter_facebook_auth_platform_interface
      sha256: "7950f5f8a6f2270c5d29af2a514733987db1191f70838fa777b282e47365f8c8"
      url: "https://pub.dev"
    source: hosted
    version: "3.2.0"
  flutter_facebook_auth_web:
    dependency: transitive
    description:
      name: flutter_facebook_auth_web
      sha256: "0f732e968c929a3c11a215ded802557576230ff0a0794c88941a8e92ff07b2eb"
      url: "https://pub.dev"
    source: hosted
    version: "3.2.0"
  flutter_lints:
    dependency: "direct dev"
    description:
      name: flutter_lints
      sha256: b543301ad291598523947dc534aaddc5aaad597b709d2426d3a0e0d44c5cb493
      url: "https://pub.dev"
    source: hosted
    version: "1.0.4"
  flutter_localizations:
    dependency: "direct main"
    description: flutter
    source: sdk
    version: "0.0.0"
  flutter_platform_widgets:
    dependency: "direct main"
    description:
      name: flutter_platform_widgets
      sha256: e09e041d2f4db7a3743f55f64642df706e6319409aeae60ef19dccfa7148919f
      url: "https://pub.dev"
    source: hosted
    version: "2.0.0"
  flutter_svg:
    dependency: transitive
    description:
      name: flutter_svg
      sha256: "6ff9fa12892ae074092de2fa6a9938fb21dbabfdaa2ff57dc697ff912fc8d4b2"
      url: "https://pub.dev"
    source: hosted
    version: "1.1.6"
  flutter_test:
    dependency: "direct dev"
    description: flutter
    source: sdk
    version: "0.0.0"
  flutter_web_plugins:
    dependency: transitive
    description: flutter
    source: sdk
    version: "0.0.0"
  google_sign_in:
    dependency: "direct main"
    description:
      name: google_sign_in
      sha256: d3e31052ce068d0fe2eb9975ee4409266a044592cf67737ec230be07343c6bdf
      url: "https://pub.dev"
    source: hosted
    version: "5.4.2"
  google_sign_in_android:
    dependency: transitive
    description:
      name: google_sign_in_android
      sha256: "41187ee48f8f3f7588cb932a5ab3cc8c83f354d1d50c750f61b240efac1b33d2"
      url: "https://pub.dev"
    source: hosted
    version: "6.1.4"
  google_sign_in_ios:
    dependency: transitive
    description:
      name: google_sign_in_ios
      sha256: "1116aff5e87f89837b052a81abe6259be7c4dd418275786864d27b74cb2a4e70"
      url: "https://pub.dev"
    source: hosted
    version: "5.5.1"
  google_sign_in_platform_interface:
    dependency: transitive
    description:
      name: google_sign_in_platform_interface
      sha256: "61306213c76bb8170c3aa20017df296c0131c24d7f6c0cc7e2eeaeac34c9f457"
      url: "https://pub.dev"
    source: hosted
    version: "2.3.0"
  google_sign_in_web:
    dependency: transitive
    description:
      name: google_sign_in_web
      sha256: "5b35c221169a7b3e0fc15043ac09102ef542300ef92f2e1f05d5d8efde263af5"
      url: "https://pub.dev"
    source: hosted
    version: "0.10.2"
  http:
    dependency: transitive
    description:
      name: http
      sha256: "6aa2946395183537c8b880962d935877325d6a09a2867c3970c05c0fed6ac482"
      url: "https://pub.dev"
    source: hosted
    version: "0.13.5"
  http_parser:
    dependency: transitive
    description:
      name: http_parser
      sha256: "2aa08ce0341cc9b354a498388e30986515406668dbcc4f7c950c3e715496693b"
      url: "https://pub.dev"
    source: hosted
    version: "4.0.2"
  intl:
    dependency: transitive
    description:
      name: intl
      sha256: "910f85bce16fb5c6f614e117efa303e85a1731bb0081edf3604a2ae6e9a3cc91"
      url: "https://pub.dev"
    source: hosted
    version: "0.17.0"
  js:
    dependency: transitive
    description:
      name: js
      sha256: "5528c2f391ededb7775ec1daa69e65a2d61276f7552de2b5f7b8d34ee9fd4ab7"
      url: "https://pub.dev"
    source: hosted
    version: "0.6.5"
  lints:
    dependency: transitive
    description:
      name: lints
      sha256: a2c3d198cb5ea2e179926622d433331d8b58374ab8f29cdda6e863bd62fd369c
      url: "https://pub.dev"
    source: hosted
    version: "1.0.1"
  matcher:
    dependency: transitive
    description:
      name: matcher
      sha256: "16db949ceee371e9b99d22f88fa3a73c4e59fd0afed0bd25fc336eb76c198b72"
      url: "https://pub.dev"
    source: hosted
    version: "0.12.13"
  material_color_utilities:
    dependency: transitive
    description:
      name: material_color_utilities
      sha256: d92141dc6fe1dad30722f9aa826c7fbc896d021d792f80678280601aff8cf724
      url: "https://pub.dev"
    source: hosted
    version: "0.2.0"
  meta:
    dependency: transitive
    description:
      name: meta
      sha256: "6c268b42ed578a53088d834796959e4a1814b5e9e164f147f580a386e5decf42"
      url: "https://pub.dev"
    source: hosted
    version: "1.8.0"
  nested:
    dependency: transitive
    description:
      name: nested
      sha256: "03bac4c528c64c95c722ec99280375a6f2fc708eec17c7b3f07253b626cd2a20"
      url: "https://pub.dev"
    source: hosted
    version: "1.0.0"
  path:
    dependency: transitive
    description:
      name: path
      sha256: "8829d8a55c13fc0e37127c29fedf290c102f4e40ae94ada574091fe0ff96c917"
      url: "https://pub.dev"
    source: hosted
    version: "1.8.3"
  path_drawing:
    dependency: transitive
    description:
      name: path_drawing
      sha256: bbb1934c0cbb03091af082a6389ca2080345291ef07a5fa6d6e078ba8682f977
      url: "https://pub.dev"
    source: hosted
    version: "1.0.1"
  path_parsing:
    dependency: transitive
    description:
      name: path_parsing
      sha256: e3e67b1629e6f7e8100b367d3db6ba6af4b1f0bb80f64db18ef1fbabd2fa9ccf
      url: "https://pub.dev"
    source: hosted
    version: "1.0.1"
  path_provider_linux:
    dependency: transitive
    description:
      name: path_provider_linux
      sha256: ab0987bf95bc591da42dffb38c77398fc43309f0b9b894dcc5d6f40c4b26c379
      url: "https://pub.dev"
    source: hosted
    version: "2.1.7"
  path_provider_platform_interface:
    dependency: transitive
    description:
      name: path_provider_platform_interface
      sha256: f0abc8ebd7253741f05488b4813d936b4d07c6bae3e86148a09e342ee4b08e76
      url: "https://pub.dev"
    source: hosted
    version: "2.0.5"
  path_provider_windows:
    dependency: transitive
    description:
      name: path_provider_windows
      sha256: bcabbe399d4042b8ee687e17548d5d3f527255253b4a639f5f8d2094a9c2b45c
      url: "https://pub.dev"
    source: hosted
    version: "2.1.3"
  petitparser:
    dependency: transitive
    description:
      name: petitparser
      sha256: "49392a45ced973e8d94a85fdb21293fbb40ba805fc49f2965101ae748a3683b4"
      url: "https://pub.dev"
    source: hosted
    version: "5.1.0"
  platform:
    dependency: transitive
    description:
      name: platform
      sha256: "4a451831508d7d6ca779f7ac6e212b4023dd5a7d08a27a63da33756410e32b76"
      url: "https://pub.dev"
    source: hosted
    version: "3.1.0"
  plugin_platform_interface:
    dependency: transitive
    description:
      name: plugin_platform_interface
      sha256: dbf0f707c78beedc9200146ad3cb0ab4d5da13c246336987be6940f026500d3a
      url: "https://pub.dev"
    source: hosted
    version: "2.1.3"
  process:
    dependency: transitive
    description:
      name: process
      sha256: "53fd8db9cec1d37b0574e12f07520d582019cb6c44abf5479a01505099a34a09"
      url: "https://pub.dev"
    source: hosted
    version: "4.2.4"
  provider:
    dependency: "direct main"
    description:
      name: provider
      sha256: cdbe7530b12ecd9eb455bdaa2fcb8d4dad22e80b8afb4798b41479d5ce26847f
      url: "https://pub.dev"
    source: hosted
    version: "6.0.5"
  quiver:
    dependency: transitive
    description:
      name: quiver
      sha256: "93982981971e812c94d4a6fa3a57b89f9ec12b38b6380cd3c1370c3b01e4580e"
      url: "https://pub.dev"
    source: hosted
    version: "3.1.0"
  shared_preferences:
    dependency: "direct main"
    description:
      name: shared_preferences
      sha256: "76917b7d4b9526b2ba416808a7eb9fb2863c1a09cf63ec85f1453da240fa818a"
      url: "https://pub.dev"
    source: hosted
    version: "2.0.15"
  shared_preferences_android:
    dependency: transitive
    description:
      name: shared_preferences_android
      sha256: "8e251f3c986002b65fed6396bce81f379fb63c27317d49743cf289fd0fd1ab97"
      url: "https://pub.dev"
    source: hosted
    version: "2.0.14"
  shared_preferences_ios:
    dependency: transitive
    description:
      name: shared_preferences_ios
      sha256: "585a14cefec7da8c9c2fb8cd283a3bb726b4155c0952afe6a0caaa7b2272de34"
      url: "https://pub.dev"
    source: hosted
    version: "2.1.1"
  shared_preferences_linux:
    dependency: transitive
    description:
      name: shared_preferences_linux
      sha256: fbc3cd6826896b66a5f576b025e4f344f780c84ea7f8203097a353370607a2c8
      url: "https://pub.dev"
    source: hosted
    version: "2.1.2"
  shared_preferences_macos:
    dependency: transitive
    description:
      name: shared_preferences_macos
      sha256: fbb94bf296576f49be37a1496d5951796211a8db0aa22cc0d68c46440dad808c
      url: "https://pub.dev"
    source: hosted
    version: "2.0.4"
  shared_preferences_platform_interface:
    dependency: transitive
    description:
      name: shared_preferences_platform_interface
      sha256: da9431745ede5ece47bc26d5d73a9d3c6936ef6945c101a5aca46f62e52c1cf3
      url: "https://pub.dev"
    source: hosted
    version: "2.1.0"
  shared_preferences_web:
    dependency: transitive
    description:
      name: shared_preferences_web
      sha256: a4b5bc37fe1b368bbc81f953197d55e12f49d0296e7e412dfe2d2d77d6929958
      url: "https://pub.dev"
    source: hosted
    version: "2.0.4"
  shared_preferences_windows:
    dependency: transitive
    description:
      name: shared_preferences_windows
      sha256: "07c274c2115d4d5e4280622abb09f0980e2c5b1fcdc98ae9f59a3bad5bfc1f26"
      url: "https://pub.dev"
    source: hosted
    version: "2.1.2"
  sky_engine:
    dependency: transitive
    description: flutter
    source: sdk
    version: "0.0.99"
  source_span:
    dependency: transitive
    description:
      name: source_span
      sha256: dd904f795d4b4f3b870833847c461801f6750a9fa8e61ea5ac53f9422b31f250
      url: "https://pub.dev"
    source: hosted
    version: "1.9.1"
  stack_trace:
    dependency: transitive
    description:
      name: stack_trace
      sha256: c3c7d8edb15bee7f0f74debd4b9c5f3c2ea86766fe4178eb2a18eb30a0bdaed5
      url: "https://pub.dev"
    source: hosted
    version: "1.11.0"
  stream_channel:
    dependency: transitive
    description:
      name: stream_channel
      sha256: "83615bee9045c1d322bbbd1ba209b7a749c2cbcdcb3fdd1df8eb488b3279c1c8"
      url: "https://pub.dev"
    source: hosted
    version: "2.1.1"
  string_scanner:
    dependency: transitive
    description:
      name: string_scanner
      sha256: "556692adab6cfa87322a115640c11f13cb77b3f076ddcc5d6ae3c20242bedcde"
      url: "https://pub.dev"
    source: hosted
    version: "1.2.0"
  term_glyph:
    dependency: transitive
    description:
      name: term_glyph
      sha256: a29248a84fbb7c79282b40b8c72a1209db169a2e0542bce341da992fe1bc7e84
      url: "https://pub.dev"
    source: hosted
    version: "1.2.1"
  test_api:
    dependency: transitive
    description:
      name: test_api
      sha256: ad540f65f92caa91bf21dfc8ffb8c589d6e4dc0c2267818b4cc2792857706206
      url: "https://pub.dev"
    source: hosted
    version: "0.4.16"
  typed_data:
    dependency: transitive
    description:
      name: typed_data
      sha256: "26f87ade979c47a150c9eaab93ccd2bebe70a27dc0b4b29517f2904f04eb11a5"
      url: "https://pub.dev"
    source: hosted
    version: "1.3.1"
  vector_math:
    dependency: transitive
    description:
      name: vector_math
      sha256: "80b3257d1492ce4d091729e3a67a60407d227c27241d6927be0130c98e741803"
      url: "https://pub.dev"
    source: hosted
    version: "2.1.4"
  win32:
    dependency: transitive
    description:
      name: win32
      sha256: ca121dbbadb3e43b449053feab0cdf3f2bff93b107cacf0290e3d29f717374b6
      url: "https://pub.dev"
    source: hosted
    version: "3.1.2"
  xdg_directories:
    dependency: transitive
    description:
      name: xdg_directories
      sha256: "11541eedefbcaec9de35aa82650b695297ce668662bbd6e3911a7fabdbde589f"
      url: "https://pub.dev"
    source: hosted
    version: "0.2.0+2"
  xml:
    dependency: transitive
    description:
      name: xml
      sha256: "979ee37d622dec6365e2efa4d906c37470995871fe9ae080d967e192d88286b5"
      url: "https://pub.dev"
    source: hosted
    version: "6.2.2"
sdks:
  dart: ">=2.18.0 <4.0.0"
  flutter: ">=3.0.0"
